# THIS IS AN AUTOGENERATED FILE. DO NOT EDIT THIS FILE DIRECTLY.
# yarn lockfile v1


rut.js@^2.1.0:
  version "2.1.0"
  resolved "https://registry.yarnpkg.com/rut.js/-/rut.js-2.1.0.tgz#6383282513a7983d29ba2ae4810e0dc9c168a2ec"
  integrity sha512-v8tXUbqycX2frkeZBcCJgn2dbZE29S21bOF+tRmow58m2qEVz5lGLmNaJ9ahTRfj3WEfwl55mTZi8qqE91w81g==
